
Microsoft Visual Studio Solution File, Format Version 12.00
# Visual Studio Version 17
VisualStudioVersion = 17.5.002.0
MinimumVisualStudioVersion = 10.0.40219.1
Project("{9A19103F-16F7-4668-BE54-9A1E7A4F7556}") = "PrimerProyecto", "PrimerProyecto.csproj", "{07D32554-4B73-4361-B1CA-8C60D70070B0}"
EndProject
Global
	GlobalSection(SolutionConfigurationPlatforms) = preSolution
		Debug|Any CPU = Debug|Any CPU
		Release|Any CPU = Release|Any CPU
	EndGlobalSection
	GlobalSection(ProjectConfigurationPlatforms) = postSolution
		{07D32554-4B73-4361-B1CA-8C60D70070B0}.Debug|Any CPU.ActiveCfg = Debug|Any CPU
		{07D32554-4B73-4361-B1CA-8C60D70070B0}.Debug|Any CPU.Build.0 = Debug|Any CPU
		{07D32554-4B73-4361-B1CA-8C60D70070B0}.Release|Any CPU.ActiveCfg = Release|Any CPU
		{07D32554-4B73-4361-B1CA-8C60D70070B0}.Release|Any CPU.Build.0 = Release|Any CPU
	EndGlobalSection
	GlobalSection(SolutionProperties) = preSolution
		HideSolutionNode = FALSE
	EndGlobalSection
	GlobalSection(ExtensibilityGlobals) = postSolution
		SolutionGuid = {14990417-3329-4A73-9416-F9F16109D0AE}
	EndGlobalSection
EndGlobal
